
Microsoft Visual Studio Solution File, Format Version 12.00
# Visual Studio Version 16
VisualStudioVersion = 16.0.29326.143
MinimumVisualStudioVersion = 10.0.40219.1
Project("{FAE04EC0-301F-11D3-BF4B-00C04F79EFBC}") = "BookListAPI", "..\BookListAPI\BookListAPI.csproj", "{C58D13F2-5872-4268-BF9B-B40C949CCA70}"
EndProject
Global
	GlobalSection(SolutionConfigurationPlatforms) = preSolution
		Debug|Any CPU = Debug|Any CPU
		Release|Any CPU = Release|Any CPU
	EndGlobalSection
	GlobalSection(ProjectConfigurationPlatforms) = postSolution
		{C58D13F2-5872-4268-BF9B-B40C949CCA70}.Debug|Any CPU.ActiveCfg = Debug|Any CPU
		{C58D13F2-5872-4268-BF9B-B40C949CCA70}.Debug|Any CPU.Build.0 = Debug|Any CPU
		{C58D13F2-5872-4268-BF9B-B40C949CCA70}.Release|Any CPU.ActiveCfg = Release|Any CPU
		{C58D13F2-5872-4268-BF9B-B40C949CCA70}.Release|Any CPU.Build.0 = Release|Any CPU
	EndGlobalSection
	GlobalSection(SolutionProperties) = preSolution
		HideSolutionNode = FALSE
	EndGlobalSection
	GlobalSection(ExtensibilityGlobals) = postSolution
		SolutionGuid = {069CCB7C-74C4-4BA3-A1E9-D8A5F22B0E81}
	EndGlobalSection
EndGlobal
